// !$*UTF8*$!
{
	archiveVersion = 1;
	classes = {
	};
	objectVersion = 46;
	objects = {

/* Begin PBXBuildFile section */
		9EFEADCE1C64506E00DB4A36 /* AppDelegate.swift in Sources */ = {isa = PBXBuildFile; fileRef = 9EFEADCD1C64506E00DB4A36 /* AppDelegate.swift */; };
		9EFEADD01C64506E00DB4A36 /* MasterViewController.swift in Sources */ = {isa = PBXBuildFile; fileRef = 9EFEADCF1C64506E00DB4A36 /* MasterViewController.swift */; };
		9EFEADD21C64506E00DB4A36 /* DetailViewController.swift in Sources */ = {isa = PBXBuildFile; fileRef = 9EFEADD11C64506E00DB4A36 /* DetailViewController.swift */; };
		9EFEADD51C64506E00DB4A36 /* Main.storyboard in Resources */ = {isa = PBXBuildFile; fileRef = 9EFEADD31C64506E00DB4A36 /* Main.storyboard */; };
		9EFEADD71C64506E00DB4A36 /* Assets.xcassets in Resources */ = {isa = PBXBuildFile; fileRef = 9EFEADD61C64506E00DB4A36 /* Assets.xcassets */; };
		9EFEADDA1C64506E00DB4A36 /* LaunchScreen.storyboard in Resources */ = {isa = PBXBuildFile; fileRef = 9EFEADD81C64506E00DB4A36 /* LaunchScreen.storyboard */; };
		9EFEADE51C64506E00DB4A36 /* ZooKeeperTests.swift in Sources */ = {isa = PBXBuildFile; fileRef = 9EFEADE41C64506E00DB4A36 /* ZooKeeperTests.swift */; };
		9EFEADF01C64506E00DB4A36 /* ZooKeeperUITests.swift in Sources */ = {isa = PBXBuildFile; fileRef = 9EFEADEF1C64506E00DB4A36 /* ZooKeeperUITests.swift */; };
		9EFEAE011C64566C00DB4A36 /* Animal.swift in Sources */ = {isa = PBXBuildFile; fileRef = 9EFEAE001C64566C00DB4A36 /* Animal.swift */; };
		9EFEAE031C6456DF00DB4A36 /* AnimalFactory.swift in Sources */ = {isa = PBXBuildFile; fileRef = 9EFEAE021C6456DF00DB4A36 /* AnimalFactory.swift */; };
		9EFEAE051C64584C00DB4A36 /* zoo.json in Resources */ = {isa = PBXBuildFile; fileRef = 9EFEAE041C64584B00DB4A36 /* zoo.json */; };
		9EFEAE071C645BEA00DB4A36 /* SwiftyJSON.swift in Sources */ = {isa = PBXBuildFile; fileRef = 9EFEAE061C645BEA00DB4A36 /* SwiftyJSON.swift */; };
/* End PBXBuildFile section */

/* Begin PBXContainerItemProxy section */
		9EFEADE11C64506E00DB4A36 /* PBXContainerItemProxy */ = {
			isa = PBXContainerItemProxy;
			containerPortal = 9EFEADC21C64506D00DB4A36 /* Project object */;
			proxyType = 1;
			remoteGlobalIDString = 9EFEADC91C64506E00DB4A36;
			remoteInfo = ZooKeeper;
		};
		9EFEADEC1C64506E00DB4A36 /* PBXContainerItemProxy */ = {
			isa = PBXContainerItemProxy;
			containerPortal = 9EFEADC21C64506D00DB4A36 /* Project object */;
			proxyType = 1;
			remoteGlobalIDString = 9EFEADC91C64506E00DB4A36;
			remoteInfo = ZooKeeper;
		};
/* End PBXContainerItemProxy section */

/* Begin PBXFileReference section */
		9EFEADCA1C64506E00DB4A36 /* ZooKeeper.app */ = {isa = PBXFileReference; explicitFileType = wrapper.application; includeInIndex = 0; path = ZooKeeper.app; sourceTree = BUILT_PRODUCTS_DIR; };
		9EFEADCD1C64506E00DB4A36 /* AppDelegate.swift */ = {isa = PBXFileReference; lastKnownFileType = sourcecode.swift; path = AppDelegate.swift; sourceTree = "<group>"; };
		9EFEADCF1C64506E00DB4A36 /* MasterViewController.swift */ = {isa = PBXFileReference; lastKnownFileType = sourcecode.swift; path = MasterViewController.swift; sourceTree = "<group>"; };
		9EFEADD11C64506E00DB4A36 /* DetailViewController.swift */ = {isa = PBXFileReference; lastKnownFileType = sourcecode.swift; path = DetailViewController.swift; sourceTree = "<group>"; };
		9EFEADD41C64506E00DB4A36 /* Base */ = {isa = PBXFileReference; lastKnownFileType = file.storyboard; name = Base; path = Base.lproj/Main.storyboard; sourceTree = "<group>"; };
		9EFEADD61C64506E00DB4A36 /* Assets.xcassets */ = {isa = PBXFileReference; lastKnownFileType = folder.assetcatalog; path = Assets.xcassets; sourceTree = "<group>"; };
		9EFEADD91C64506E00DB4A36 /* Base */ = {isa = PBXFileReference; lastKnownFileType = file.storyboard; name = Base; path = Base.lproj/LaunchScreen.storyboard; sourceTree = "<group>"; };
		9EFEADDB1C64506E00DB4A36 /* Info.plist */ = {isa = PBXFileReference; lastKnownFileType = text.plist.xml; path = Info.plist; sourceTree = "<group>"; };
		9EFEADE01C64506E00DB4A36 /* ZooKeeperTests.xctest */ = {isa = PBXFileReference; explicitFileType = wrapper.cfbundle; includeInIndex = 0; path = ZooKeeperTests.xctest; sourceTree = BUILT_PRODUCTS_DIR; };
		9EFEADE41C64506E00DB4A36 /* ZooKeeperTests.swift */ = {isa = PBXFileReference; lastKnownFileType = sourcecode.swift; path = ZooKeeperTests.swift; sourceTree = "<group>"; };
		9EFEADE61C64506E00DB4A36 /* Info.plist */ = {isa = PBXFileReference; lastKnownFileType = text.plist.xml; path = Info.plist; sourceTree = "<group>"; };
		9EFEADEB1C64506E00DB4A36 /* ZooKeeperUITests.xctest */ = {isa = PBXFileReference; explicitFileType = wrapper.cfbundle; includeInIndex = 0; path = ZooKeeperUITests.xctest; sourceTree = BUILT_PRODUCTS_DIR; };
		9EFEADEF1C64506E00DB4A36 /* ZooKeeperUITests.swift */ = {isa = PBXFileReference; lastKnownFileType = sourcecode.swift; path = ZooKeeperUITests.swift; sourceTree = "<group>"; };
		9EFEADF11C64506E00DB4A36 /* Info.plist */ = {isa = PBXFileReference; lastKnownFileType = text.plist.xml; path = Info.plist; sourceTree = "<group>"; };
		9EFEAE001C64566C00DB4A36 /* Animal.swift */ = {isa = PBXFileReference; fileEncoding = 4; lastKnownFileType = sourcecode.swift; path = Animal.swift; sourceTree = "<group>"; };
		9EFEAE021C6456DF00DB4A36 /* AnimalFactory.swift */ = {isa = PBXFileReference; fileEncoding = 4; lastKnownFileType = sourcecode.swift; path = AnimalFactory.swift; sourceTree = "<group>"; };
		9EFEAE041C64584B00DB4A36 /* zoo.json */ = {isa = PBXFileReference; fileEncoding = 4; lastKnownFileType = text.json; path = zoo.json; sourceTree = "<group>"; };
		9EFEAE061C645BEA00DB4A36 /* SwiftyJSON.swift */ = {isa = PBXFileReference; fileEncoding = 4; lastKnownFileType = sourcecode.swift; path = SwiftyJSON.swift; sourceTree = "<group>"; };
/* End PBXFileReference section */

/* Begin PBXFrameworksBuildPhase section */
		9EFEADC71C64506E00DB4A36 /* Frameworks */ = {
			isa = PBXFrameworksBuildPhase;
			buildActionMask = 2147483647;
			files = (
			);
			runOnlyForDeploymentPostprocessing = 0;
		};
		9EFEADDD1C64506E00DB4A36 /* Frameworks */ = {
			isa = PBXFrameworksBuildPhase;
			buildActionMask = 2147483647;
			files = (
			);
			runOnlyForDeploymentPostprocessing = 0;
		};
		9EFEADE81C64506E00DB4A36 /* Frameworks */ = {
			isa = PBXFrameworksBuildPhase;
			buildActionMask = 2147483647;
			files = (
			);
			runOnlyForDeploymentPostprocessing = 0;
		};
/* End PBXFrameworksBuildPhase section */

/* Begin PBXGroup section */
		9EFEADC11C64506D00DB4A36 = {
			isa = PBXGroup;
			children = (
				9EFEADCC1C64506E00DB4A36 /* ZooKeeper */,
				9EFEADE31C64506E00DB4A36 /* ZooKeeperTests */,
				9EFEADEE1C64506E00DB4A36 /* ZooKeeperUITests */,
				9EFEADCB1C64506E00DB4A36 /* Products */,
			);
			sourceTree = "<group>";
		};
		9EFEADCB1C64506E00DB4A36 /* Products */ = {
			isa = PBXGroup;
			children = (
				9EFEADCA1C64506E00DB4A36 /* ZooKeeper.app */,
				9EFEADE01C64506E00DB4A36 /* ZooKeeperTests.xctest */,
				9EFEADEB1C64506E00DB4A36 /* ZooKeeperUITests.xctest */,
			);
			name = Products;
			sourceTree = "<group>";
		};
		9EFEADCC1C64506E00DB4A36 /* ZooKeeper */ = {
			isa = PBXGroup;
			children = (
				9EFEADCD1C64506E00DB4A36 /* AppDelegate.swift */,
				9EFEADCF1C64506E00DB4A36 /* MasterViewController.swift */,
				9EFEADD11C64506E00DB4A36 /* DetailViewController.swift */,
				9EFEADD31C64506E00DB4A36 /* Main.storyboard */,
				9EFEAE061C645BEA00DB4A36 /* SwiftyJSON.swift */,
				9EFEADFF1C6455B800DB4A36 /* Models */,
				9EFEADD61C64506E00DB4A36 /* Assets.xcassets */,
				9EFEADD81C64506E00DB4A36 /* LaunchScreen.storyboard */,
				9EFEADDB1C64506E00DB4A36 /* Info.plist */,
			);
			path = ZooKeeper;
			sourceTree = "<group>";
		};
		9EFEADE31C64506E00DB4A36 /* ZooKeeperTests */ = {
			isa = PBXGroup;
			children = (
				9EFEADE41C64506E00DB4A36 /* ZooKeeperTests.swift */,
				9EFEADE61C64506E00DB4A36 /* Info.plist */,
			);
			path = ZooKeeperTests;
			sourceTree = "<group>";
		};
		9EFEADEE1C64506E00DB4A36 /* ZooKeeperUITests */ = {
			isa = PBXGroup;
			children = (
				9EFEADEF1C64506E00DB4A36 /* ZooKeeperUITests.swift */,
				9EFEADF11C64506E00DB4A36 /* Info.plist */,
			);
			path = ZooKeeperUITests;
			sourceTree = "<group>";
		};
		9EFEADFF1C6455B800DB4A36 /* Models */ = {
			isa = PBXGroup;
			children = (
				9EFEAE001C64566C00DB4A36 /* Animal.swift */,
				9EFEAE021C6456DF00DB4A36 /* AnimalFactory.swift */,
				9EFEAE041C64584B00DB4A36 /* zoo.json */,
			);
			name = Models;
			sourceTree = "<group>";
		};
/* End PBXGroup section */

/* Begin PBXNativeTarget section */
		9EFEADC91C64506E00DB4A36 /* ZooKeeper */ = {
			isa = PBXNativeTarget;
			buildConfigurationList = 9EFEADF41C64506E00DB4A36 /* Build configuration list for PBXNativeTarget "ZooKeeper" */;
			buildPhases = (
				9EFEADC61C64506E00DB4A36 /* Sources */,
				9EFEADC71C64506E00DB4A36 /* Frameworks */,
				9EFEADC81C64506E00DB4A36 /* Resources */,
			);
			buildRules = (
			);
			dependencies = (
			);
			name = ZooKeeper;
			productName = ZooKeeper;
			productReference = 9EFEADCA1C64506E00DB4A36 /* ZooKeeper.app */;
			productType = "com.apple.product-type.application";
		};
		9EFEADDF1C64506E00DB4A36 /* ZooKeeperTests */ = {
			isa = PBXNativeTarget;
			buildConfigurationList = 9EFEADF71C64506E00DB4A36 /* Build configuration list for PBXNativeTarget "ZooKeeperTests" */;
			buildPhases = (
				9EFEADDC1C64506E00DB4A36 /* Sources */,
				9EFEADDD1C64506E00DB4A36 /* Frameworks */,
				9EFEADDE1C64506E00DB4A36 /* Resources */,
			);
			buildRules = (
			);
			dependencies = (
				9EFEADE21C64506E00DB4A36 /* PBXTargetDependency */,
			);
			name = ZooKeeperTests;
			productName = ZooKeeperTests;
			productReference = 9EFEADE01C64506E00DB4A36 /* ZooKeeperTests.xctest */;
			productType = "com.apple.product-type.bundle.unit-test";
		};
		9EFEADEA1C64506E00DB4A36 /* ZooKeeperUITests */ = {
			isa = PBXNativeTarget;
			buildConfigurationList = 9EFEADFA1C64506E00DB4A36 /* Build configuration list for PBXNativeTarget "ZooKeeperUITests" */;
			buildPhases = (
				9EFEADE71C64506E00DB4A36 /* Sources */,
				9EFEADE81C64506E00DB4A36 /* Frameworks */,
				9EFEADE91C64506E00DB4A36 /* Resources */,
			);
			buildRules = (
			);
			dependencies = (
				9EFEADED1C64506E00DB4A36 /* PBXTargetDependency */,
			);
			name = ZooKeeperUITests;
			productName = ZooKeeperUITests;
			productReference = 9EFEADEB1C64506E00DB4A36 /* ZooKeeperUITests.xctest */;
			productType = "com.apple.product-type.bundle.ui-testing";
		};
/* End PBXNativeTarget section */

/* Begin PBXProject section */
		9EFEADC21C64506D00DB4A36 /* Project object */ = {
			isa = PBXProject;
			attributes = {
				LastSwiftUpdateCheck = 0720;
				LastUpgradeCheck = 0720;
				ORGANIZATIONNAME = "Wayne Bangert";
				TargetAttributes = {
					9EFEADC91C64506E00DB4A36 = {
						CreatedOnToolsVersion = 7.2;
						DevelopmentTeam = UWZ263CAND;
					};
					9EFEADDF1C64506E00DB4A36 = {
						CreatedOnToolsVersion = 7.2;
						DevelopmentTeam = UWZ263CAND;
						TestTargetID = 9EFEADC91C64506E00DB4A36;
					};
					9EFEADEA1C64506E00DB4A36 = {
						CreatedOnToolsVersion = 7.2;
						DevelopmentTeam = UWZ263CAND;
						TestTargetID = 9EFEADC91C64506E00DB4A36;
					};
				};
			};
			buildConfigurationList = 9EFEADC51C64506E00DB4A36 /* Build configuration list for PBXProject "ZooKeeper" */;
			compatibilityVersion = "Xcode 3.2";
			developmentRegion = English;
			hasScannedForEncodings = 0;
			knownRegions = (
				en,
				Base,
			);
			mainGroup = 9EFEADC11C64506D00DB4A36;
			productRefGroup = 9EFEADCB1C64506E00DB4A36 /* Products */;
			projectDirPath = "";
			projectRoot = "";
			targets = (
				9EFEADC91C64506E00DB4A36 /* ZooKeeper */,
				9EFEADDF1C64506E00DB4A36 /* ZooKeeperTests */,
				9EFEADEA1C64506E00DB4A36 /* ZooKeeperUITests */,
			);
		};
/* End PBXProject section */

/* Begin PBXResourcesBuildPhase section */
		9EFEADC81C64506E00DB4A36 /* Resources */ = {
			isa = PBXResourcesBuildPhase;
			buildActionMask = 2147483647;
			files = (
				9EFEAE051C64584C00DB4A36 /* zoo.json in Resources */,
				9EFEADDA1C64506E00DB4A36 /* LaunchScreen.storyboard in Resources */,
				9EFEADD71C64506E00DB4A36 /* Assets.xcassets in Resources */,
				9EFEADD51C64506E00DB4A36 /* Main.storyboard in Resources */,
			);
			runOnlyForDeploymentPostprocessing = 0;
		};
		9EFEADDE1C64506E00DB4A36 /* Resources */ = {
			isa = PBXResourcesBuildPhase;
			buildActionMask = 2147483647;
			files = (
			);
			runOnlyForDeploymentPostprocessing = 0;
		};
		9EFEADE91C64506E00DB4A36 /* Resources */ = {
			isa = PBXResourcesBuildPhase;
			buildActionMask = 2147483647;
			files = (
			);
			runOnlyForDeploymentPostprocessing = 0;
		};
/* End PBXResourcesBuildPhase section */

/* Begin PBXSourcesBuildPhase section */
		9EFEADC61C64506E00DB4A36 /* Sources */ = {
			isa = PBXSourcesBuildPhase;
			buildActionMask = 2147483647;
			files = (
				9EFEADD21C64506E00DB4A36 /* DetailViewController.swift in Sources */,
				9EFEAE031C6456DF00DB4A36 /* AnimalFactory.swift in Sources */,
				9EFEAE011C64566C00DB4A36 /* Animal.swift in Sources */,
				9EFEAE071C645BEA00DB4A36 /* SwiftyJSON.swift in Sources */,
				9EFEADD01C64506E00DB4A36 /* MasterViewController.swift in Sources */,
				9EFEADCE1C64506E00DB4A36 /* AppDelegate.swift in Sources */,
			);
			runOnlyForDeploymentPostprocessing = 0;
		};
		9EFEADDC1C64506E00DB4A36 /* Sources */ = {
			isa = PBXSourcesBuildPhase;
			buildActionMask = 2147483647;
			files = (
				9EFEADE51C64506E00DB4A36 /* ZooKeeperTests.swift in Sources */,
			);
			runOnlyForDeploymentPostprocessing = 0;
		};
		9EFEADE71C64506E00DB4A36 /* Sources */ = {
			isa = PBXSourcesBuildPhase;
			buildActionMask = 2147483647;
			files = (
				9EFEADF01C64506E00DB4A36 /* ZooKeeperUITests.swift in Sources */,
			);
			runOnlyForDeploymentPostprocessing = 0;
		};
/* End PBXSourcesBuildPhase section */

/* Begin PBXTargetDependency section */
		9EFEADE21C64506E00DB4A36 /* PBXTargetDependency */ = {
			isa = PBXTargetDependency;
			target = 9EFEADC91C64506E00DB4A36 /* ZooKeeper */;
			targetProxy = 9EFEADE11C64506E00DB4A36 /* PBXContainerItemProxy */;
		};
		9EFEADED1C64506E00DB4A36 /* PBXTargetDependency */ = {
			isa = PBXTargetDependency;
			target = 9EFEADC91C64506E00DB4A36 /* ZooKeeper */;
			targetProxy = 9EFEADEC1C64506E00DB4A36 /* PBXContainerItemProxy */;
		};
/* End PBXTargetDependency section */

/* Begin PBXVariantGroup section */
		9EFEADD31C64506E00DB4A36 /* Main.storyboard */ = {
			isa = PBXVariantGroup;
			children = (
				9EFEADD41C64506E00DB4A36 /* Base */,
			);
			name = Main.storyboard;
			sourceTree = "<group>";
		};
		9EFEADD81C64506E00DB4A36 /* LaunchScreen.storyboard */ = {
			isa = PBXVariantGroup;
			children = (
				9EFEADD91C64506E00DB4A36 /* Base */,
			);
			name = LaunchScreen.storyboard;
			sourceTree = "<group>";
		};
/* End PBXVariantGroup section */

/* Begin XCBuildConfiguration section */
		9EFEADF21C64506E00DB4A36 /* Debug */ = {
			isa = XCBuildConfiguration;
			buildSettings = {
				ALWAYS_SEARCH_USER_PATHS = NO;
				CLANG_CXX_LANGUAGE_STANDARD = "gnu++0x";
				CLANG_CXX_LIBRARY = "libc++";
				CLANG_ENABLE_MODULES = YES;
				CLANG_ENABLE_OBJC_ARC = YES;
				CLANG_WARN_BOOL_CONVERSION = YES;
				CLANG_WARN_CONSTANT_CONVERSION = YES;
				CLANG_WARN_DIRECT_OBJC_ISA_USAGE = YES_ERROR;
				CLANG_WARN_EMPTY_BODY = YES;
				CLANG_WARN_ENUM_CONVERSION = YES;
				CLANG_WARN_INT_CONVERSION = YES;
				CLANG_WARN_OBJC_ROOT_CLASS = YES_ERROR;
				CLANG_WARN_UNREACHABLE_CODE = YES;
				CLANG_WARN__DUPLICATE_METHOD_MATCH = YES;
				"CODE_SIGN_IDENTITY[sdk=iphoneos*]" = "iPhone Developer";
				COPY_PHASE_STRIP = NO;
				DEBUG_INFORMATION_FORMAT = dwarf;
				ENABLE_STRICT_OBJC_MSGSEND = YES;
				ENABLE_TESTABILITY = YES;
				GCC_C_LANGUAGE_STANDARD = gnu99;
				GCC_DYNAMIC_NO_PIC = NO;
				GCC_NO_COMMON_BLOCKS = YES;
				GCC_OPTIMIZATION_LEVEL = 0;
				GCC_PREPROCESSOR_DEFINITIONS = (
					"DEBUG=1",
					"$(inherited)",
				);
				GCC_WARN_64_TO_32_BIT_CONVERSION = YES;
				GCC_WARN_ABOUT_RETURN_TYPE = YES_ERROR;
				GCC_WARN_UNDECLARED_SELECTOR = YES;
				GCC_WARN_UNINITIALIZED_AUTOS = YES_AGGRESSIVE;
				GCC_WARN_UNUSED_FUNCTION = YES;
				GCC_WARN_UNUSED_VARIABLE = YES;
				IPHONEOS_DEPLOYMENT_TARGET = 9.2;
				MTL_ENABLE_DEBUG_INFO = YES;
				ONLY_ACTIVE_ARCH = YES;
				SDKROOT = iphoneos;
				SWIFT_OPTIMIZATION_LEVEL = "-Onone";
				TARGETED_DEVICE_FAMILY = "1,2";
			};
			name = Debug;
		};
		9EFEADF31C64506E00DB4A36 /* Release */ = {
			isa = XCBuildConfiguration;
			buildSettings = {
				ALWAYS_SEARCH_USER_PATHS = NO;
				CLANG_CXX_LANGUAGE_STANDARD = "gnu++0x";
				CLANG_CXX_LIBRARY = "libc++";
				CLANG_ENABLE_MODULES = YES;
				CLANG_ENABLE_OBJC_ARC = YES;
				CLANG_WARN_BOOL_CONVERSION = YES;
				CLANG_WARN_CONSTANT_CONVERSION = YES;
				CLANG_WARN_DIRECT_OBJC_ISA_USAGE = YES_ERROR;
				CLANG_WARN_EMPTY_BODY = YES;
				CLANG_WARN_ENUM_CONVERSION = YES;
				CLANG_WARN_INT_CONVERSION = YES;
				CLANG_WARN_OBJC_ROOT_CLASS = YES_ERROR;
				CLANG_WARN_UNREACHABLE_CODE = YES;
				CLANG_WARN__DUPLICATE_METHOD_MATCH = YES;
				"CODE_SIGN_IDENTITY[sdk=iphoneos*]" = "iPhone Developer";
				COPY_PHASE_STRIP = NO;
				DEBUG_INFORMATION_FORMAT = "dwarf-with-dsym";
				ENABLE_NS_ASSERTIONS = NO;
				ENABLE_STRICT_OBJC_MSGSEND = YES;
				GCC_C_LANGUAGE_STANDARD = gnu99;
				GCC_NO_COMMON_BLOCKS = YES;
				GCC_WARN_64_TO_32_BIT_CONVERSION = YES;
				GCC_WARN_ABOUT_RETURN_TYPE = YES_ERROR;
				GCC_WARN_UNDECLARED_SELECTOR = YES;
				GCC_WARN_UNINITIALIZED_AUTOS = YES_AGGRESSIVE;
				GCC_WARN_UNUSED_FUNCTION = YES;
				GCC_WARN_UNUSED_VARIABLE = YES;
				IPHONEOS_DEPLOYMENT_TARGET = 9.2;
				MTL_ENABLE_DEBUG_INFO = NO;
				SDKROOT = iphoneos;
				TARGETED_DEVICE_FAMILY = "1,2";
				VALIDATE_PRODUCT = YES;
			};
			name = Release;
		};
		9EFEADF51C64506E00DB4A36 /* Debug */ = {
			isa = XCBuildConfiguration;
			buildSettings = {
				ASSETCATALOG_COMPILER_APPICON_NAME = AppIcon;
				CODE_SIGN_IDENTITY = "iPhone Developer";
				FRAMEWORK_SEARCH_PATHS = (
					"$(inherited)",
					"$(PROJECT_DIR)/Carthage/Build/iOS",
				);
				INFOPLIST_FILE = ZooKeeper/Info.plist;
				LD_RUNPATH_SEARCH_PATHS = "$(inherited) @executable_path/Frameworks";
				PRODUCT_BUNDLE_IDENTIFIER = Bangotang.ZooKeeper;
				PRODUCT_NAME = "$(TARGET_NAME)";
			};
			name = Debug;
		};
		9EFEADF61C64506E00DB4A36 /* Release */ = {
			isa = XCBuildConfiguration;
			buildSettings = {
				ASSETCATALOG_COMPILER_APPICON_NAME = AppIcon;
				CODE_SIGN_IDENTITY = "iPhone Developer";
				FRAMEWORK_SEARCH_PATHS = (
					"$(inherited)",
					"$(PROJECT_DIR)/Carthage/Build/iOS",
				);
				INFOPLIST_FILE = ZooKeeper/Info.plist;
				LD_RUNPATH_SEARCH_PATHS = "$(inherited) @executable_path/Frameworks";
				PRODUCT_BUNDLE_IDENTIFIER = Bangotang.ZooKeeper;
				PRODUCT_NAME = "$(TARGET_NAME)";
			};
			name = Release;
		};
		9EFEADF81C64506E00DB4A36 /* Debug */ = {
			isa = XCBuildConfiguration;
			buildSettings = {
				BUNDLE_LOADER = "$(TEST_HOST)";
				INFOPLIST_FILE = ZooKeeperTests/Info.plist;
				LD_RUNPATH_SEARCH_PATHS = "$(inherited) @executable_path/Frameworks @loader_path/Frameworks";
				PRODUCT_BUNDLE_IDENTIFIER = Bangotang.ZooKeeperTests;
				PRODUCT_NAME = "$(TARGET_NAME)";
				TEST_HOST = "$(BUILT_PRODUCTS_DIR)/ZooKeeper.app/ZooKeeper";
			};
			name = Debug;
		};
		9EFEADF91C64506E00DB4A36 /* Release */ = {
			isa = XCBuildConfiguration;
			buildSettings = {
				BUNDLE_LOADER = "$(TEST_HOST)";
				INFOPLIST_FILE = ZooKeeperTests/Info.plist;
				LD_RUNPATH_SEARCH_PATHS = "$(inherited) @executable_path/Frameworks @loader_path/Frameworks";
				PRODUCT_BUNDLE_IDENTIFIER = Bangotang.ZooKeeperTests;
				PRODUCT_NAME = "$(TARGET_NAME)";
				TEST_HOST = "$(BUILT_PRODUCTS_DIR)/ZooKeeper.app/ZooKeeper";
			};
			name = Release;
		};
		9EFEADFB1C64506E00DB4A36 /* Debug */ = {
			isa = XCBuildConfiguration;
			buildSettings = {
				INFOPLIST_FILE = ZooKeeperUITests/Info.plist;
				LD_RUNPATH_SEARCH_PATHS = "$(inherited) @executable_path/Frameworks @loader_path/Frameworks";
				PRODUCT_BUNDLE_IDENTIFIER = Bangotang.ZooKeeperUITests;
				PRODUCT_NAME = "$(TARGET_NAME)";
				TEST_TARGET_NAME = ZooKeeper;
				USES_XCTRUNNER = YES;
			};
			name = Debug;
		};
		9EFEADFC1C64506E00DB4A36 /* Release */ = {
			isa = XCBuildConfiguration;
			buildSettings = {
				INFOPLIST_FILE = ZooKeeperUITests/Info.plist;
				LD_RUNPATH_SEARCH_PATHS = "$(inherited) @executable_path/Frameworks @loader_path/Frameworks";
				PRODUCT_BUNDLE_IDENTIFIER = Bangotang.ZooKeeperUITests;
				PRODUCT_NAME = "$(TARGET_NAME)";
				TEST_TARGET_NAME = ZooKeeper;
				USES_XCTRUNNER = YES;
			};
			name = Release;
		};
/* End XCBuildConfiguration section */

/* Begin XCConfigurationList section */
		9EFEADC51C64506E00DB4A36 /* Build configuration list for PBXProject "ZooKeeper" */ = {
			isa = XCConfigurationList;
			buildConfigurations = (
				9EFEADF21C64506E00DB4A36 /* Debug */,
				9EFEADF31C64506E00DB4A36 /* Release */,
			);
			defaultConfigurationIsVisible = 0;
			defaultConfigurationName = Release;
		};
		9EFEADF41C64506E00DB4A36 /* Build configuration list for PBXNativeTarget "ZooKeeper" */ = {
			isa = XCConfigurationList;
			buildConfigurations = (
				9EFEADF51C64506E00DB4A36 /* Debug */,
				9EFEADF61C64506E00DB4A36 /* Release */,
			);
			defaultConfigurationIsVisible = 0;
		};
		9EFEADF71C64506E00DB4A36 /* Build configuration list for PBXNativeTarget "ZooKeeperTests" */ = {
			isa = XCConfigurationList;
			buildConfigurations = (
				9EFEADF81C64506E00DB4A36 /* Debug */,
				9EFEADF91C64506E00DB4A36 /* Release */,
			);
			defaultConfigurationIsVisible = 0;
		};
		9EFEADFA1C64506E00DB4A36 /* Build configuration list for PBXNativeTarget "ZooKeeperUITests" */ = {
			isa = XCConfigurationList;
			buildConfigurations = (
				9EFEADFB1C64506E00DB4A36 /* Debug */,
				9EFEADFC1C64506E00DB4A36 /* Release */,
			);
			defaultConfigurationIsVisible = 0;
		};
/* End XCConfigurationList section */
	};
	rootObject = 9EFEADC21C64506D00DB4A36 /* Project object */;
}
